// !$*UTF8*$!
{
	archiveVersion = 1;
	classes = {
	};
	objectVersion = 51;
	objects = {

/* Begin PBXBuildFile section */
		949A70895A1D1F8D396A61FD /* Pods_IntelligentBasket.framework in Frameworks */ = {isa = PBXBuildFile; fileRef = DC2B19942388AAA48EA8568B /* Pods_IntelligentBasket.framework */; };
		F31F8F07234CAD6E00772F58 /* UserDetailModel.swift in Sources */ = {isa = PBXBuildFile; fileRef = F31F8F06234CAD6E00772F58 /* UserDetailModel.swift */; };
		F31F8F09234CAE1A00772F58 /* UserDetailViewModel.swift in Sources */ = {isa = PBXBuildFile; fileRef = F31F8F08234CAE1A00772F58 /* UserDetailViewModel.swift */; };
		F32556E72311158900644704 /* ProjectViewModel.swift in Sources */ = {isa = PBXBuildFile; fileRef = F32556E62311158900644704 /* ProjectViewModel.swift */; };
		F32556E9231122AE00644704 /* ProjectModel.swift in Sources */ = {isa = PBXBuildFile; fileRef = F32556E8231122AE00644704 /* ProjectModel.swift */; };
		F32556EF23120E1A00644704 /* PLPlayerViewController.swift in Sources */ = {isa = PBXBuildFile; fileRef = F32556EE23120E1A00644704 /* PLPlayerViewController.swift */; };
		F32557662312797700644704 /* SideMenuViewController.swift in Sources */ = {isa = PBXBuildFile; fileRef = F32557652312797700644704 /* SideMenuViewController.swift */; };
		F325576C2312A6AF00644704 /* SideMenu.storyboard in Resources */ = {isa = PBXBuildFile; fileRef = F325576B2312A6AF00644704 /* SideMenu.storyboard */; };
		F3294DC423166BC90080110D /* FtpTools.swift in Sources */ = {isa = PBXBuildFile; fileRef = F3294DC323166BC90080110D /* FtpTools.swift */; };
		F3294DC6231674FE0080110D /* BasketDetailViewModel.swift in Sources */ = {isa = PBXBuildFile; fileRef = F3294DC5231674FE0080110D /* BasketDetailViewModel.swift */; };
		F3294DCA231770720080110D /* LocalFileTools.swift in Sources */ = {isa = PBXBuildFile; fileRef = F3294DC9231770720080110D /* LocalFileTools.swift */; };
		F32AF9A72315097500947D90 /* PhotoBrowserViewController.swift in Sources */ = {isa = PBXBuildFile; fileRef = F32AF9A62315097500947D90 /* PhotoBrowserViewController.swift */; };
		F32AF9AC23150BFE00947D90 /* PhotoViewCell.swift in Sources */ = {isa = PBXBuildFile; fileRef = F32AF9AA23150BFE00947D90 /* PhotoViewCell.swift */; };
		F32AF9AD23150BFE00947D90 /* PhotoViewCell.xib in Resources */ = {isa = PBXBuildFile; fileRef = F32AF9AB23150BFE00947D90 /* PhotoViewCell.xib */; };
		F366EB6E2306A1D300495496 /* AppDelegate.swift in Sources */ = {isa = PBXBuildFile; fileRef = F366EB6D2306A1D300495496 /* AppDelegate.swift */; };
		F366EB752306A1D400495496 /* Assets.xcassets in Resources */ = {isa = PBXBuildFile; fileRef = F366EB742306A1D400495496 /* Assets.xcassets */; };
		F366EB782306A1D400495496 /* LaunchScreen.storyboard in Resources */ = {isa = PBXBuildFile; fileRef = F366EB762306A1D400495496 /* LaunchScreen.storyboard */; };
		F366EB8F2306A2C900495496 /* DictConvertToModel.swift in Sources */ = {isa = PBXBuildFile; fileRef = F366EB812306A2C900495496 /* DictConvertToModel.swift */; };
		F366EB912306A2C900495496 /* UIColor-Extension.swift in Sources */ = {isa = PBXBuildFile; fileRef = F366EB842306A2C900495496 /* UIColor-Extension.swift */; };
		F366EB922306A2C900495496 /* UIView-Extension.swift in Sources */ = {isa = PBXBuildFile; fileRef = F366EB852306A2C900495496 /* UIView-Extension.swift */; };
		F366EB932306A2C900495496 /* UIBarButtonItem-Extension.swift in Sources */ = {isa = PBXBuildFile; fileRef = F366EB862306A2C900495496 /* UIBarButtonItem-Extension.swift */; };
		F366EB942306A2C900495496 /* String-Extension.swift in Sources */ = {isa = PBXBuildFile; fileRef = F366EB872306A2C900495496 /* String-Extension.swift */; };
		F366EB952306A2C900495496 /* NsDate-Extension.swift in Sources */ = {isa = PBXBuildFile; fileRef = F366EB882306A2C900495496 /* NsDate-Extension.swift */; };
		F366EB962306A2C900495496 /* PhoneField.swift in Sources */ = {isa = PBXBuildFile; fileRef = F366EB8A2306A2C900495496 /* PhoneField.swift */; };
		F366EB972306A2C900495496 /* CommonConstant.swift in Sources */ = {isa = PBXBuildFile; fileRef = F366EB8C2306A2C900495496 /* CommonConstant.swift */; };
		F366EB992306A2EE00495496 /* Login.storyboard in Resources */ = {isa = PBXBuildFile; fileRef = F366EB982306A2EE00495496 /* Login.storyboard */; };
		F366EB9D2306A32B00495496 /* LoginViewController.swift in Sources */ = {isa = PBXBuildFile; fileRef = F366EB9C2306A32B00495496 /* LoginViewController.swift */; };
		F366EB9F2306A69900495496 /* ColorConstant.swift in Sources */ = {isa = PBXBuildFile; fileRef = F366EB9E2306A69900495496 /* ColorConstant.swift */; };
		F366EBA42306ABA600495496 /* PrimaryNavigationController.swift in Sources */ = {isa = PBXBuildFile; fileRef = F366EBA32306ABA600495496 /* PrimaryNavigationController.swift */; };
		F366EBA62306B12700495496 /* CommonViewFactory.swift in Sources */ = {isa = PBXBuildFile; fileRef = F366EBA52306B12700495496 /* CommonViewFactory.swift */; };
		F366EBAD2307E2D300495496 /* CheckBox.swift in Sources */ = {isa = PBXBuildFile; fileRef = F366EBAC2307E2D300495496 /* CheckBox.swift */; };
		F366EBAF2308198400495496 /* RegisterViewController.swift in Sources */ = {isa = PBXBuildFile; fileRef = F366EBAE2308198400495496 /* RegisterViewController.swift */; };
		F366EBB12308200100495496 /* RegisterWorkerViewController.swift in Sources */ = {isa = PBXBuildFile; fileRef = F366EBB02308200100495496 /* RegisterWorkerViewController.swift */; };
		F3965E6B2308E0AF00E8E5B8 /* BaseViewController.swift in Sources */ = {isa = PBXBuildFile; fileRef = F3965E6A2308E0AF00E8E5B8 /* BaseViewController.swift */; };
		F3965E6D2308E60E00E8E5B8 /* RegisterBaseViewController.swift in Sources */ = {isa = PBXBuildFile; fileRef = F3965E6C2308E60E00E8E5B8 /* RegisterBaseViewController.swift */; };
		F3965E6F2308ECEE00E8E5B8 /* TextFieldWithIcon.swift in Sources */ = {isa = PBXBuildFile; fileRef = F3965E6E2308ECEE00E8E5B8 /* TextFieldWithIcon.swift */; };
		F3965E71230A3D6C00E8E5B8 /* RegularMatchingTool.swift in Sources */ = {isa = PBXBuildFile; fileRef = F3965E70230A3D6C00E8E5B8 /* RegularMatchingTool.swift */; };
		F3965E73230A40E600E8E5B8 /* RegexPatten.swift in Sources */ = {isa = PBXBuildFile; fileRef = F3965E72230A40E600E8E5B8 /* RegexPatten.swift */; };
		F3965E75230A843C00E8E5B8 /* URLConstant.swift in Sources */ = {isa = PBXBuildFile; fileRef = F3965E74230A843C00E8E5B8 /* URLConstant.swift */; };
		F3965E77230AA45D00E8E5B8 /* AlertBox.swift in Sources */ = {isa = PBXBuildFile; fileRef = F3965E76230AA45D00E8E5B8 /* AlertBox.swift */; };
		F3965ED8230CD95400E8E5B8 /* Message.storyboard in Resources */ = {isa = PBXBuildFile; fileRef = F3965EC3230CD95400E8E5B8 /* Message.storyboard */; };
		F3965ED9230CD95400E8E5B8 /* MessageViewController.swift in Sources */ = {isa = PBXBuildFile; fileRef = F3965EC4230CD95400E8E5B8 /* MessageViewController.swift */; };
		F3965EDA230CD95400E8E5B8 /* Project.storyboard in Resources */ = {isa = PBXBuildFile; fileRef = F3965ECA230CD95400E8E5B8 /* Project.storyboard */; };
		F3965EDB230CD95400E8E5B8 /* ProjectViewController.swift in Sources */ = {isa = PBXBuildFile; fileRef = F3965ECB230CD95400E8E5B8 /* ProjectViewController.swift */; };
		F3965EDE230CD95400E8E5B8 /* Profile.storyboard in Resources */ = {isa = PBXBuildFile; fileRef = F3965ED4230CD95400E8E5B8 /* Profile.storyboard */; };
		F3965EDF230CD95400E8E5B8 /* ProfileViewController.swift in Sources */ = {isa = PBXBuildFile; fileRef = F3965ED5230CD95400E8E5B8 /* ProfileViewController.swift */; };
		F3965EE2230CD9FB00E8E5B8 /* UserInfoModel.swift in Sources */ = {isa = PBXBuildFile; fileRef = F3965EE1230CD9FB00E8E5B8 /* UserInfoModel.swift */; };
		F3965EE5230CDA3F00E8E5B8 /* HttpTools.swift in Sources */ = {isa = PBXBuildFile; fileRef = F3965EE4230CDA3F00E8E5B8 /* HttpTools.swift */; };
		F3965F13230E33A500E8E5B8 /* AreaAdminTabBarController.swift in Sources */ = {isa = PBXBuildFile; fileRef = F3965F11230E33A400E8E5B8 /* AreaAdminTabBarController.swift */; };
		F3965F14230E33A500E8E5B8 /* AreaAdmin.storyboard in Resources */ = {isa = PBXBuildFile; fileRef = F3965F12230E33A400E8E5B8 /* AreaAdmin.storyboard */; };
		F3965F16230E5AB200E8E5B8 /* RoleBaseViewController.swift in Sources */ = {isa = PBXBuildFile; fileRef = F3965F15230E5AB200E8E5B8 /* RoleBaseViewController.swift */; };
		F3965F18230E600F00E8E5B8 /* InstallAndCheckViewController.swift in Sources */ = {isa = PBXBuildFile; fileRef = F3965F17230E600F00E8E5B8 /* InstallAndCheckViewController.swift */; };
		F3965F1C230E6F1B00E8E5B8 /* UsingViewController.swift in Sources */ = {isa = PBXBuildFile; fileRef = F3965F1B230E6F1B00E8E5B8 /* UsingViewController.swift */; };
		F3965F1F230E7B0B00E8E5B8 /* BasketCollectionCell.swift in Sources */ = {isa = PBXBuildFile; fileRef = F3965F1D230E7B0B00E8E5B8 /* BasketCollectionCell.swift */; };
		F3965F20230E7B0B00E8E5B8 /* BasketCollectionCell.xib in Resources */ = {isa = PBXBuildFile; fileRef = F3965F1E230E7B0B00E8E5B8 /* BasketCollectionCell.xib */; };
		F3965F22230E918F00E8E5B8 /* BasketDetailViewController.swift in Sources */ = {isa = PBXBuildFile; fileRef = F3965F21230E918E00E8E5B8 /* BasketDetailViewController.swift */; };
		F3965F28230E981000E8E5B8 /* CircleButton.swift in Sources */ = {isa = PBXBuildFile; fileRef = F3965F27230E981000E8E5B8 /* CircleButton.swift */; };
		F3965F4C230F866400E8E5B8 /* RefreshBaseViewController.swift in Sources */ = {isa = PBXBuildFile; fileRef = F3965F4B230F866400E8E5B8 /* RefreshBaseViewController.swift */; };
		F3965F51230FCE1400E8E5B8 /* UsingBasketModel.swift in Sources */ = {isa = PBXBuildFile; fileRef = F3965F50230FCE1400E8E5B8 /* UsingBasketModel.swift */; };
		F3965F53230FCF4100E8E5B8 /* UsingBasketViewModel.swift in Sources */ = {isa = PBXBuildFile; fileRef = F3965F52230FCF4100E8E5B8 /* UsingBasketViewModel.swift */; };
		F3965F55230FE4F300E8E5B8 /* UserDefaultStorage.swift in Sources */ = {isa = PBXBuildFile; fileRef = F3965F54230FE4F300E8E5B8 /* UserDefaultStorage.swift */; };
		F3F96894231CEA6B0024B42A /* ProjectDetailViewController.swift in Sources */ = {isa = PBXBuildFile; fileRef = F3F96893231CEA6B0024B42A /* ProjectDetailViewController.swift */; };
		F3F96896231CEAC10024B42A /* ProjectDetail.storyboard in Resources */ = {isa = PBXBuildFile; fileRef = F3F96895231CEAC10024B42A /* ProjectDetail.storyboard */; };
/* End PBXBuildFile section */

/* Begin PBXFileReference section */
		0537C97EE51168F5517C367D /* Pods-IntelligentBasket.debug.xcconfig */ = {isa = PBXFileReference; includeInIndex = 1; lastKnownFileType = text.xcconfig; name = "Pods-IntelligentBasket.debug.xcconfig"; path = "Target Support Files/Pods-IntelligentBasket/Pods-IntelligentBasket.debug.xcconfig"; sourceTree = "<group>"; };
		BC77E324A3520134392C809B /* Pods-IntelligentBasket.release.xcconfig */ = {isa = PBXFileReference; includeInIndex = 1; lastKnownFileType = text.xcconfig; name = "Pods-IntelligentBasket.release.xcconfig"; path = "Target Support Files/Pods-IntelligentBasket/Pods-IntelligentBasket.release.xcconfig"; sourceTree = "<group>"; };
		DC2B19942388AAA48EA8568B /* Pods_IntelligentBasket.framework */ = {isa = PBXFileReference; explicitFileType = wrapper.framework; includeInIndex = 0; path = Pods_IntelligentBasket.framework; sourceTree = BUILT_PRODUCTS_DIR; };
		F31F8F06234CAD6E00772F58 /* UserDetailModel.swift */ = {isa = PBXFileReference; lastKnownFileType = sourcecode.swift; path = UserDetailModel.swift; sourceTree = "<group>"; };
		F31F8F08234CAE1A00772F58 /* UserDetailViewModel.swift */ = {isa = PBXFileReference; lastKnownFileType = sourcecode.swift; path = UserDetailViewModel.swift; sourceTree = "<group>"; };
		F32556E62311158900644704 /* ProjectViewModel.swift */ = {isa = PBXFileReference; lastKnownFileType = sourcecode.swift; path = ProjectViewModel.swift; sourceTree = "<group>"; };
		F32556E8231122AE00644704 /* ProjectModel.swift */ = {isa = PBXFileReference; lastKnownFileType = sourcecode.swift; path = ProjectModel.swift; sourceTree = "<group>"; };
		F32556EE23120E1A00644704 /* PLPlayerViewController.swift */ = {isa = PBXFileReference; lastKnownFileType = sourcecode.swift; path = PLPlayerViewController.swift; sourceTree = "<group>"; };
		F32557652312797700644704 /* SideMenuViewController.swift */ = {isa = PBXFileReference; lastKnownFileType = sourcecode.swift; path = SideMenuViewController.swift; sourceTree = "<group>"; };
		F325576B2312A6AF00644704 /* SideMenu.storyboard */ = {isa = PBXFileReference; lastKnownFileType = file.storyboard; path = SideMenu.storyboard; sourceTree = "<group>"; };
		F3294DC323166BC90080110D /* FtpTools.swift */ = {isa = PBXFileReference; lastKnownFileType = sourcecode.swift; path = FtpTools.swift; sourceTree = "<group>"; };
		F3294DC5231674FE0080110D /* BasketDetailViewModel.swift */ = {isa = PBXFileReference; lastKnownFileType = sourcecode.swift; path = BasketDetailViewModel.swift; sourceTree = "<group>"; };
		F3294DC9231770720080110D /* LocalFileTools.swift */ = {isa = PBXFileReference; lastKnownFileType = sourcecode.swift; path = LocalFileTools.swift; sourceTree = "<group>"; };
		F32AF9A62315097500947D90 /* PhotoBrowserViewController.swift */ = {isa = PBXFileReference; lastKnownFileType = sourcecode.swift; path = PhotoBrowserViewController.swift; sourceTree = "<group>"; };
		F32AF9AA23150BFE00947D90 /* PhotoViewCell.swift */ = {isa = PBXFileReference; lastKnownFileType = sourcecode.swift; path = PhotoViewCell.swift; sourceTree = "<group>"; };
		F32AF9AB23150BFE00947D90 /* PhotoViewCell.xib */ = {isa = PBXFileReference; lastKnownFileType = file.xib; path = PhotoViewCell.xib; sourceTree = "<group>"; };
		F366EB6A2306A1D300495496 /* IntelligentBasket.app */ = {isa = PBXFileReference; explicitFileType = wrapper.application; includeInIndex = 0; path = IntelligentBasket.app; sourceTree = BUILT_PRODUCTS_DIR; };
		F366EB6D2306A1D300495496 /* AppDelegate.swift */ = {isa = PBXFileReference; lastKnownFileType = sourcecode.swift; path = AppDelegate.swift; sourceTree = "<group>"; };
		F366EB742306A1D400495496 /* Assets.xcassets */ = {isa = PBXFileReference; lastKnownFileType = folder.assetcatalog; path = Assets.xcassets; sourceTree = "<group>"; };
		F366EB772306A1D400495496 /* Base */ = {isa = PBXFileReference; lastKnownFileType = file.storyboard; name = Base; path = Base.lproj/LaunchScreen.storyboard; sourceTree = "<group>"; };
		F366EB792306A1D400495496 /* Info.plist */ = {isa = PBXFileReference; lastKnownFileType = text.plist.xml; path = Info.plist; sourceTree = "<group>"; };
		F366EB812306A2C900495496 /* DictConvertToModel.swift */ = {isa = PBXFileReference; fileEncoding = 4; lastKnownFileType = sourcecode.swift; path = DictConvertToModel.swift; sourceTree = "<group>"; };
		F366EB842306A2C900495496 /* UIColor-Extension.swift */ = {isa = PBXFileReference; fileEncoding = 4; lastKnownFileType = sourcecode.swift; path = "UIColor-Extension.swift"; sourceTree = "<group>"; };
		F366EB852306A2C900495496 /* UIView-Extension.swift */ = {isa = PBXFileReference; fileEncoding = 4; lastKnownFileType = sourcecode.swift; path = "UIView-Extension.swift"; sourceTree = "<group>"; };
		F366EB862306A2C900495496 /* UIBarButtonItem-Extension.swift */ = {isa = PBXFileReference; fileEncoding = 4; lastKnownFileType = sourcecode.swift; path = "UIBarButtonItem-Extension.swift"; sourceTree = "<group>"; };
		F366EB872306A2C900495496 /* String-Extension.swift */ = {isa = PBXFileReference; fileEncoding = 4; lastKnownFileType = sourcecode.swift; path = "String-Extension.swift"; sourceTree = "<group>"; };
		F366EB882306A2C900495496 /* NsDate-Extension.swift */ = {isa = PBXFileReference; fileEncoding = 4; lastKnownFileType = sourcecode.swift; path = "NsDate-Extension.swift"; sourceTree = "<group>"; };
		F366EB8A2306A2C900495496 /* PhoneField.swift */ = {isa = PBXFileReference; fileEncoding = 4; lastKnownFileType = sourcecode.swift; path = PhoneField.swift; sourceTree = "<group>"; };
		F366EB8C2306A2C900495496 /* CommonConstant.swift */ = {isa = PBXFileReference; fileEncoding = 4; lastKnownFileType = sourcecode.swift; path = CommonConstant.swift; sourceTree = "<group>"; };
		F366EB982306A2EE00495496 /* Login.storyboard */ = {isa = PBXFileReference; lastKnownFileType = file.storyboard; path = Login.storyboard; sourceTree = "<group>"; };
		F366EB9C2306A32B00495496 /* LoginViewController.swift */ = {isa = PBXFileReference; lastKnownFileType = sourcecode.swift; path = LoginViewController.swift; sourceTree = "<group>"; };
		F366EB9E2306A69900495496 /* ColorConstant.swift */ = {isa = PBXFileReference; lastKnownFileType = sourcecode.swift; path = ColorConstant.swift; sourceTree = "<group>"; };
		F366EBA32306ABA600495496 /* PrimaryNavigationController.swift */ = {isa = PBXFileReference; lastKnownFileType = sourcecode.swift; path = PrimaryNavigationController.swift; sourceTree = "<group>"; };
		F366EBA52306B12700495496 /* CommonViewFactory.swift */ = {isa = PBXFileReference; lastKnownFileType = sourcecode.swift; path = CommonViewFactory.swift; sourceTree = "<group>"; };
		F366EBAC2307E2D300495496 /* CheckBox.swift */ = {isa = PBXFileReference; lastKnownFileType = sourcecode.swift; path = CheckBox.swift; sourceTree = "<group>"; };
		F366EBAE2308198400495496 /* RegisterViewController.swift */ = {isa = PBXFileReference; lastKnownFileType = sourcecode.swift; path = RegisterViewController.swift; sourceTree = "<group>"; };
		F366EBB02308200100495496 /* RegisterWorkerViewController.swift */ = {isa = PBXFileReference; lastKnownFileType = sourcecode.swift; path = RegisterWorkerViewController.swift; sourceTree = "<group>"; };
		F3965E6A2308E0AF00E8E5B8 /* BaseViewController.swift */ = {isa = PBXFileReference; lastKnownFileType = sourcecode.swift; path = BaseViewController.swift; sourceTree = "<group>"; };
		F3965E6C2308E60E00E8E5B8 /* RegisterBaseViewController.swift */ = {isa = PBXFileReference; lastKnownFileType = sourcecode.swift; path = RegisterBaseViewController.swift; sourceTree = "<group>"; };
		F3965E6E2308ECEE00E8E5B8 /* TextFieldWithIcon.swift */ = {isa = PBXFileReference; lastKnownFileType = sourcecode.swift; path = TextFieldWithIcon.swift; sourceTree = "<group>"; };
		F3965E70230A3D6C00E8E5B8 /* RegularMatchingTool.swift */ = {isa = PBXFileReference; lastKnownFileType = sourcecode.swift; path = RegularMatchingTool.swift; sourceTree = "<group>"; };
		F3965E72230A40E600E8E5B8 /* RegexPatten.swift */ = {isa = PBXFileReference; lastKnownFileType = sourcecode.swift; path = RegexPatten.swift; sourceTree = "<group>"; };
		F3965E74230A843C00E8E5B8 /* URLConstant.swift */ = {isa = PBXFileReference; lastKnownFileType = sourcecode.swift; path = URLConstant.swift; sourceTree = "<group>"; };
		F3965E76230AA45D00E8E5B8 /* AlertBox.swift */ = {isa = PBXFileReference; lastKnownFileType = sourcecode.swift; path = AlertBox.swift; sourceTree = "<group>"; };
		F3965EC3230CD95400E8E5B8 /* Message.storyboard */ = {isa = PBXFileReference; fileEncoding = 4; lastKnownFileType = file.storyboard; path = Message.storyboard; sourceTree = "<group>"; };
		F3965EC4230CD95400E8E5B8 /* MessageViewController.swift */ = {isa = PBXFileReference; fileEncoding = 4; lastKnownFileType = sourcecode.swift; path = MessageViewController.swift; sourceTree = "<group>"; };
		F3965ECA230CD95400E8E5B8 /* Project.storyboard */ = {isa = PBXFileReference; fileEncoding = 4; lastKnownFileType = file.storyboard; path = Project.storyboard; sourceTree = "<group>"; };
		F3965ECB230CD95400E8E5B8 /* ProjectViewController.swift */ = {isa = PBXFileReference; fileEncoding = 4; lastKnownFileType = sourcecode.swift; path = ProjectViewController.swift; sourceTree = "<group>"; };
		F3965ED4230CD95400E8E5B8 /* Profile.storyboard */ = {isa = PBXFileReference; fileEncoding = 4; lastKnownFileType = file.storyboard; path = Profile.storyboard; sourceTree = "<group>"; };
		F3965ED5230CD95400E8E5B8 /* ProfileViewController.swift */ = {isa = PBXFileReference; fileEncoding = 4; lastKnownFileType = sourcecode.swift; path = ProfileViewController.swift; sourceTree = "<group>"; };
		F3965EE1230CD9FB00E8E5B8 /* UserInfoModel.swift */ = {isa = PBXFileReference; fileEncoding = 4; lastKnownFileType = sourcecode.swift; path = UserInfoModel.swift; sourceTree = "<group>"; };
		F3965EE4230CDA3F00E8E5B8 /* HttpTools.swift */ = {isa = PBXFileReference; fileEncoding = 4; lastKnownFileType = sourcecode.swift; path = HttpTools.swift; sourceTree = "<group>"; };
		F3965F11230E33A400E8E5B8 /* AreaAdminTabBarController.swift */ = {isa = PBXFileReference; fileEncoding = 4; lastKnownFileType = sourcecode.swift; path = AreaAdminTabBarController.swift; sourceTree = "<group>"; };
		F3965F12230E33A400E8E5B8 /* AreaAdmin.storyboard */ = {isa = PBXFileReference; fileEncoding = 4; lastKnownFileType = file.storyboard; path = AreaAdmin.storyboard; sourceTree = "<group>"; };
		F3965F15230E5AB200E8E5B8 /* RoleBaseViewController.swift */ = {isa = PBXFileReference; lastKnownFileType = sourcecode.swift; path = RoleBaseViewController.swift; sourceTree = "<group>"; };
		F3965F17230E600F00E8E5B8 /* InstallAndCheckViewController.swift */ = {isa = PBXFileReference; lastKnownFileType = sourcecode.swift; path = InstallAndCheckViewController.swift; sourceTree = "<group>"; };
		F3965F1B230E6F1B00E8E5B8 /* UsingViewController.swift */ = {isa = PBXFileReference; lastKnownFileType = sourcecode.swift; path = UsingViewController.swift; sourceTree = "<group>"; };
		F3965F1D230E7B0B00E8E5B8 /* BasketCollectionCell.swift */ = {isa = PBXFileReference; lastKnownFileType = sourcecode.swift; path = BasketCollectionCell.swift; sourceTree = "<group>"; };
		F3965F1E230E7B0B00E8E5B8 /* BasketCollectionCell.xib */ = {isa = PBXFileReference; lastKnownFileType = file.xib; path = BasketCollectionCell.xib; sourceTree = "<group>"; };
		F3965F21230E918E00E8E5B8 /* BasketDetailViewController.swift */ = {isa = PBXFileReference; lastKnownFileType = sourcecode.swift; path = BasketDetailViewController.swift; sourceTree = "<group>"; };
		F3965F27230E981000E8E5B8 /* CircleButton.swift */ = {isa = PBXFileReference; lastKnownFileType = sourcecode.swift; path = CircleButton.swift; sourceTree = "<group>"; };
		F3965F4B230F866400E8E5B8 /* RefreshBaseViewController.swift */ = {isa = PBXFileReference; lastKnownFileType = sourcecode.swift; path = RefreshBaseViewController.swift; sourceTree = "<group>"; };
		F3965F50230FCE1400E8E5B8 /* UsingBasketModel.swift */ = {isa = PBXFileReference; lastKnownFileType = sourcecode.swift; path = UsingBasketModel.swift; sourceTree = "<group>"; };
		F3965F52230FCF4100E8E5B8 /* UsingBasketViewModel.swift */ = {isa = PBXFileReference; lastKnownFileType = sourcecode.swift; path = UsingBasketViewModel.swift; sourceTree = "<group>"; };
		F3965F54230FE4F300E8E5B8 /* UserDefaultStorage.swift */ = {isa = PBXFileReference; lastKnownFileType = sourcecode.swift; path = UserDefaultStorage.swift; sourceTree = "<group>"; };
		F3F96893231CEA6B0024B42A /* ProjectDetailViewController.swift */ = {isa = PBXFileReference; lastKnownFileType = sourcecode.swift; path = ProjectDetailViewController.swift; sourceTree = "<group>"; };
		F3F96895231CEAC10024B42A /* ProjectDetail.storyboard */ = {isa = PBXFileReference; lastKnownFileType = file.storyboard; path = ProjectDetail.storyboard; sourceTree = "<group>"; };
/* End PBXFileReference section */

/* Begin PBXFrameworksBuildPhase section */
		F366EB672306A1D300495496 /* Frameworks */ = {
			isa = PBXFrameworksBuildPhase;
			buildActionMask = 2147483647;
			files = (
				949A70895A1D1F8D396A61FD /* Pods_IntelligentBasket.framework in Frameworks */,
			);
			runOnlyForDeploymentPostprocessing = 0;
		};
/* End PBXFrameworksBuildPhase section */

/* Begin PBXGroup section */
		4255807EC2EB2BA659B54D88 /* Frameworks */ = {
			isa = PBXGroup;
			children = (
				DC2B19942388AAA48EA8568B /* Pods_IntelligentBasket.framework */,
			);
			name = Frameworks;
			sourceTree = "<group>";
		};
		46FE78AECFA0E5B373E5464A /* Pods */ = {
			isa = PBXGroup;
			children = (
				0537C97EE51168F5517C367D /* Pods-IntelligentBasket.debug.xcconfig */,
				BC77E324A3520134392C809B /* Pods-IntelligentBasket.release.xcconfig */,
			);
			path = Pods;
			sourceTree = "<group>";
		};
		F32556EA23117B7600644704 /* Video */ = {
			isa = PBXGroup;
			children = (
				F32556EE23120E1A00644704 /* PLPlayerViewController.swift */,
			);
			path = Video;
			sourceTree = "<group>";
		};
		F32556EB23117B7600644704 /* Base */ = {
			isa = PBXGroup;
			children = (
				F3965F15230E5AB200E8E5B8 /* RoleBaseViewController.swift */,
				F3965F4B230F866400E8E5B8 /* RefreshBaseViewController.swift */,
			);
			path = Base;
			sourceTree = "<group>";
		};
		F32AF9912314F32F00947D90 /* Photo */ = {
			isa = PBXGroup;
			children = (
				F32AF9A62315097500947D90 /* PhotoBrowserViewController.swift */,
				F32AF9AA23150BFE00947D90 /* PhotoViewCell.swift */,
				F32AF9AB23150BFE00947D90 /* PhotoViewCell.xib */,
			);
			path = Photo;
			sourceTree = "<group>";
		};
		F366EB612306A1D300495496 = {
			isa = PBXGroup;
			children = (
				F366EB6C2306A1D300495496 /* IntelligentBasket */,
				F366EB6B2306A1D300495496 /* Products */,
				46FE78AECFA0E5B373E5464A /* Pods */,
				4255807EC2EB2BA659B54D88 /* Frameworks */,
			);
			sourceTree = "<group>";
		};
		F366EB6B2306A1D300495496 /* Products */ = {
			isa = PBXGroup;
			children = (
				F366EB6A2306A1D300495496 /* IntelligentBasket.app */,
			);
			name = Products;
			sourceTree = "<group>";
		};
		F366EB6C2306A1D300495496 /* IntelligentBasket */ = {
			isa = PBXGroup;
			children = (
				F366EB7F2306A2C900495496 /* Classes */,
				F366EB6D2306A1D300495496 /* AppDelegate.swift */,
				F366EB742306A1D400495496 /* Assets.xcassets */,
				F366EB762306A1D400495496 /* LaunchScreen.storyboard */,
				F366EB792306A1D400495496 /* Info.plist */,
			);
			path = IntelligentBasket;
			sourceTree = "<group>";
		};
		F366EB7F2306A2C900495496 /* Classes */ = {
			isa = PBXGroup;
			children = (
				F366EBA22306AB8200495496 /* Main */,
				F3965F0E230E332100E8E5B8 /* RoleModule */,
				F366EB8E2306A2C900495496 /* Login */,
				F366EB8D2306A2C900495496 /* Register */,
				F366EB802306A2C900495496 /* Tools */,
			);
			path = Classes;
			sourceTree = "<group>";
		};
		F366EB802306A2C900495496 /* Tools */ = {
			isa = PBXGroup;
			children = (
				F3965E70230A3D6C00E8E5B8 /* RegularMatchingTool.swift */,
				F366EBA52306B12700495496 /* CommonViewFactory.swift */,
				F366EB812306A2C900495496 /* DictConvertToModel.swift */,
				F3294DC9231770720080110D /* LocalFileTools.swift */,
				F3965F54230FE4F300E8E5B8 /* UserDefaultStorage.swift */,
				F3965EE3230CDA3F00E8E5B8 /* NetworkTools */,
				F366EB832306A2C900495496 /* Extension */,
				F366EB892306A2C900495496 /* Component */,
				F366EB8B2306A2C900495496 /* Constant */,
			);
			path = Tools;
			sourceTree = "<group>";
		};
		F366EB832306A2C900495496 /* Extension */ = {
			isa = PBXGroup;
			children = (
				F366EB842306A2C900495496 /* UIColor-Extension.swift */,
				F366EB852306A2C900495496 /* UIView-Extension.swift */,
				F366EB862306A2C900495496 /* UIBarButtonItem-Extension.swift */,
				F366EB872306A2C900495496 /* String-Extension.swift */,
				F366EB882306A2C900495496 /* NsDate-Extension.swift */,
			);
			path = Extension;
			sourceTree = "<group>";
		};
		F366EB892306A2C900495496 /* Component */ = {
			isa = PBXGroup;
			children = (
				F366EB8A2306A2C900495496 /* PhoneField.swift */,
				F366EBAC2307E2D300495496 /* CheckBox.swift */,
				F3965E6E2308ECEE00E8E5B8 /* TextFieldWithIcon.swift */,
				F3965E76230AA45D00E8E5B8 /* AlertBox.swift */,
				F3965F27230E981000E8E5B8 /* CircleButton.swift */,
			);
			path = Component;
			sourceTree = "<group>";
		};
		F366EB8B2306A2C900495496 /* Constant */ = {
			isa = PBXGroup;
			children = (
				F366EB8C2306A2C900495496 /* CommonConstant.swift */,
				F366EB9E2306A69900495496 /* ColorConstant.swift */,
				F3965E72230A40E600E8E5B8 /* RegexPatten.swift */,
				F3965E74230A843C00E8E5B8 /* URLConstant.swift */,
			);
			path = Constant;
			sourceTree = "<group>";
		};
		F366EB8D2306A2C900495496 /* Register */ = {
			isa = PBXGroup;
			children = (
				F366EBAE2308198400495496 /* RegisterViewController.swift */,
				F366EBB02308200100495496 /* RegisterWorkerViewController.swift */,
				F3965E6C2308E60E00E8E5B8 /* RegisterBaseViewController.swift */,
			);
			path = Register;
			sourceTree = "<group>";
		};
		F366EB8E2306A2C900495496 /* Login */ = {
			isa = PBXGroup;
			children = (
				F366EBA723078E0700495496 /* Controller */,
				F3965EE0230CD9FB00E8E5B8 /* Model */,
			);
			path = Login;
			sourceTree = "<group>";
		};
		F366EBA22306AB8200495496 /* Main */ = {
			isa = PBXGroup;
			children = (
				F366EBA32306ABA600495496 /* PrimaryNavigationController.swift */,
				F3965E6A2308E0AF00E8E5B8 /* BaseViewController.swift */,
			);
			path = Main;
			sourceTree = "<group>";
		};
		F366EBA723078E0700495496 /* Controller */ = {
			isa = PBXGroup;
			children = (
				F366EB9C2306A32B00495496 /* LoginViewController.swift */,
				F366EB982306A2EE00495496 /* Login.storyboard */,
			);
			path = Controller;
			sourceTree = "<group>";
		};
		F3965EBF230CD95400E8E5B8 /* AreaAdmin */ = {
			isa = PBXGroup;
			children = (
				F3965F10230E33A400E8E5B8 /* Main */,
				F3965EC7230CD95400E8E5B8 /* Project */,
				F3965EC0230CD95400E8E5B8 /* Message */,
				F3965ED1230CD95400E8E5B8 /* Profile */,
			);
			path = AreaAdmin;
			sourceTree = "<group>";
		};
		F3965EC0230CD95400E8E5B8 /* Message */ = {
			isa = PBXGroup;
			children = (
				F3965EC1230CD95400E8E5B8 /* ViewModel */,
				F3965EC2230CD95400E8E5B8 /* Controller */,
				F3965EC5230CD95400E8E5B8 /* Model */,
				F3965EC6230CD95400E8E5B8 /* View */,
			);
			path = Message;
			sourceTree = "<group>";
		};
		F3965EC1230CD95400E8E5B8 /* ViewModel */ = {
			isa = PBXGroup;
			children = (
			);
			path = ViewModel;
			sourceTree = "<group>";
		};
		F3965EC2230CD95400E8E5B8 /* Controller */ = {
			isa = PBXGroup;
			children = (
				F3965EC3230CD95400E8E5B8 /* Message.storyboard */,
				F3965EC4230CD95400E8E5B8 /* MessageViewController.swift */,
			);
			path = Controller;
			sourceTree = "<group>";
		};
		F3965EC5230CD95400E8E5B8 /* Model */ = {
			isa = PBXGroup;
			children = (
			);
			path = Model;
			sourceTree = "<group>";
		};
		F3965EC6230CD95400E8E5B8 /* View */ = {
			isa = PBXGroup;
			children = (
			);
			path = View;
			sourceTree = "<group>";
		};
		F3965EC7230CD95400E8E5B8 /* Project */ = {
			isa = PBXGroup;
			children = (
				F3965EC9230CD95400E8E5B8 /* Controller */,
				F3965ECC230CD95400E8E5B8 /* Model */,
				F3965ECD230CD95400E8E5B8 /* View */,
				F3965EC8230CD95400E8E5B8 /* ViewModel */,
			);
			path = Project;
			sourceTree = "<group>";
		};
		F3965EC8230CD95400E8E5B8 /* ViewModel */ = {
			isa = PBXGroup;
			children = (
				F3965F52230FCF4100E8E5B8 /* UsingBasketViewModel.swift */,
				F32556E62311158900644704 /* ProjectViewModel.swift */,
				F3294DC5231674FE0080110D /* BasketDetailViewModel.swift */,
			);
			path = ViewModel;
			sourceTree = "<group>";
		};
		F3965EC9230CD95400E8E5B8 /* Controller */ = {
			isa = PBXGroup;
			children = (
				F3965ECA230CD95400E8E5B8 /* Project.storyboard */,
				F3965ECB230CD95400E8E5B8 /* ProjectViewController.swift */,
				F3965F1B230E6F1B00E8E5B8 /* UsingViewController.swift */,
				F3965F17230E600F00E8E5B8 /* InstallAndCheckViewController.swift */,
				F3965F21230E918E00E8E5B8 /* BasketDetailViewController.swift */,
				F32557652312797700644704 /* SideMenuViewController.swift */,
				F325576B2312A6AF00644704 /* SideMenu.storyboard */,
				F3F96893231CEA6B0024B42A /* ProjectDetailViewController.swift */,
				F3F96895231CEAC10024B42A /* ProjectDetail.storyboard */,
			);
			path = Controller;
			sourceTree = "<group>";
		};
		F3965ECC230CD95400E8E5B8 /* Model */ = {
			isa = PBXGroup;
			children = (
				F3965F50230FCE1400E8E5B8 /* UsingBasketModel.swift */,
				F32556E8231122AE00644704 /* ProjectModel.swift */,
			);
			path = Model;
			sourceTree = "<group>";
		};
		F3965ECD230CD95400E8E5B8 /* View */ = {
			isa = PBXGroup;
			children = (
				F3965F1D230E7B0B00E8E5B8 /* BasketCollectionCell.swift */,
				F3965F1E230E7B0B00E8E5B8 /* BasketCollectionCell.xib */,
			);
			path = View;
			sourceTree = "<group>";
		};
		F3965ED1230CD95400E8E5B8 /* Profile */ = {
			isa = PBXGroup;
			children = (
				F3965ED2230CD95400E8E5B8 /* ViewModel */,
				F3965ED3230CD95400E8E5B8 /* Controller */,
				F3965ED6230CD95400E8E5B8 /* Model */,
				F3965ED7230CD95400E8E5B8 /* View */,
			);
			path = Profile;
			sourceTree = "<group>";
		};
		F3965ED2230CD95400E8E5B8 /* ViewModel */ = {
			isa = PBXGroup;
			children = (
				F31F8F08234CAE1A00772F58 /* UserDetailViewModel.swift */,
			);
			path = ViewModel;
			sourceTree = "<group>";
		};
		F3965ED3230CD95400E8E5B8 /* Controller */ = {
			isa = PBXGroup;
			children = (
				F3965ED4230CD95400E8E5B8 /* Profile.storyboard */,
				F3965ED5230CD95400E8E5B8 /* ProfileViewController.swift */,
			);
			path = Controller;
			sourceTree = "<group>";
		};
		F3965ED6230CD95400E8E5B8 /* Model */ = {
			isa = PBXGroup;
			children = (
				F31F8F06234CAD6E00772F58 /* UserDetailModel.swift */,
			);
			path = Model;
			sourceTree = "<group>";
		};
		F3965ED7230CD95400E8E5B8 /* View */ = {
			isa = PBXGroup;
			children = (
			);
			path = View;
			sourceTree = "<group>";
		};
		F3965EE0230CD9FB00E8E5B8 /* Model */ = {
			isa = PBXGroup;
			children = (
				F3965EE1230CD9FB00E8E5B8 /* UserInfoModel.swift */,
			);
			path = Model;
			sourceTree = "<group>";
		};
		F3965EE3230CDA3F00E8E5B8 /* NetworkTools */ = {
			isa = PBXGroup;
			children = (
				F3965EE4230CDA3F00E8E5B8 /* HttpTools.swift */,
				F3294DC323166BC90080110D /* FtpTools.swift */,
			);
			path = NetworkTools;
			sourceTree = "<group>";
		};
		F3965F0E230E332100E8E5B8 /* RoleModule */ = {
			isa = PBXGroup;
			children = (
				F3965EBF230CD95400E8E5B8 /* AreaAdmin */,
				F3965F0F230E332100E8E5B8 /* Common */,
			);
			path = RoleModule;
			sourceTree = "<group>";
		};
		F3965F0F230E332100E8E5B8 /* Common */ = {
			isa = PBXGroup;
			children = (
				F32556EB23117B7600644704 /* Base */,
				F32556EA23117B7600644704 /* Video */,
				F32AF9912314F32F00947D90 /* Photo */,
			);
			path = Common;
			sourceTree = "<group>";
		};
		F3965F10230E33A400E8E5B8 /* Main */ = {
			isa = PBXGroup;
			children = (
				F3965F11230E33A400E8E5B8 /* AreaAdminTabBarController.swift */,
				F3965F12230E33A400E8E5B8 /* AreaAdmin.storyboard */,
			);
			path = Main;
			sourceTree = "<group>";
		};
/* End PBXGroup section */

/* Begin PBXNativeTarget section */
		F366EB692306A1D300495496 /* IntelligentBasket */ = {
			isa = PBXNativeTarget;
			buildConfigurationList = F366EB7C2306A1D400495496 /* Build configuration list for PBXNativeTarget "IntelligentBasket" */;
			buildPhases = (
				D4622649986245C17198C584 /* [CP] Check Pods Manifest.lock */,
				F366EB662306A1D300495496 /* Sources */,
				F366EB672306A1D300495496 /* Frameworks */,
				F366EB682306A1D300495496 /* Resources */,
				322FC66055C3715C00FD448B /* [CP] Embed Pods Frameworks */,
			);
			buildRules = (
			);
			dependencies = (
			);
			name = IntelligentBasket;
			productName = IntelligentBasket;
			productReference = F366EB6A2306A1D300495496 /* IntelligentBasket.app */;
			productType = "com.apple.product-type.application";
		};
/* End PBXNativeTarget section */

/* Begin PBXProject section */
		F366EB622306A1D300495496 /* Project object */ = {
			isa = PBXProject;
			attributes = {
				LastSwiftUpdateCheck = 1030;
				LastUpgradeCheck = 1030;
				ORGANIZATIONNAME = zhineng;
				TargetAttributes = {
					F366EB692306A1D300495496 = {
						CreatedOnToolsVersion = 10.3;
					};
				};
			};
			buildConfigurationList = F366EB652306A1D300495496 /* Build configuration list for PBXProject "IntelligentBasket" */;
			compatibilityVersion = "Xcode 9.3";
			developmentRegion = en;
			hasScannedForEncodings = 0;
			knownRegions = (
				en,
				Base,
			);
			mainGroup = F366EB612306A1D300495496;
			productRefGroup = F366EB6B2306A1D300495496 /* Products */;
			projectDirPath = "";
			projectRoot = "";
			targets = (
				F366EB692306A1D300495496 /* IntelligentBasket */,
			);
		};
/* End PBXProject section */

/* Begin PBXResourcesBuildPhase section */
		F366EB682306A1D300495496 /* Resources */ = {
			isa = PBXResourcesBuildPhase;
			buildActionMask = 2147483647;
			files = (
				F366EB782306A1D400495496 /* LaunchScreen.storyboard in Resources */,
				F366EB752306A1D400495496 /* Assets.xcassets in Resources */,
				F3965EDA230CD95400E8E5B8 /* Project.storyboard in Resources */,
				F325576C2312A6AF00644704 /* SideMenu.storyboard in Resources */,
				F3965ED8230CD95400E8E5B8 /* Message.storyboard in Resources */,
				F366EB992306A2EE00495496 /* Login.storyboard in Resources */,
				F3965F14230E33A500E8E5B8 /* AreaAdmin.storyboard in Resources */,
				F32AF9AD23150BFE00947D90 /* PhotoViewCell.xib in Resources */,
				F3F96896231CEAC10024B42A /* ProjectDetail.storyboard in Resources */,
				F3965EDE230CD95400E8E5B8 /* Profile.storyboard in Resources */,
				F3965F20230E7B0B00E8E5B8 /* BasketCollectionCell.xib in Resources */,
			);
			runOnlyForDeploymentPostprocessing = 0;
		};
/* End PBXResourcesBuildPhase section */

/* Begin PBXShellScriptBuildPhase section */
		322FC66055C3715C00FD448B /* [CP] Embed Pods Frameworks */ = {
			isa = PBXShellScriptBuildPhase;
			buildActionMask = 2147483647;
			files = (
			);
			inputFileListPaths = (
				"${PODS_ROOT}/Target Support Files/Pods-IntelligentBasket/Pods-IntelligentBasket-frameworks-${CONFIGURATION}-input-files.xcfilelist",
			);
			name = "[CP] Embed Pods Frameworks";
			outputFileListPaths = (
				"${PODS_ROOT}/Target Support Files/Pods-IntelligentBasket/Pods-IntelligentBasket-frameworks-${CONFIGURATION}-output-files.xcfilelist",
			);
			runOnlyForDeploymentPostprocessing = 0;
			shellPath = /bin/sh;
			shellScript = "\"${PODS_ROOT}/Target Support Files/Pods-IntelligentBasket/Pods-IntelligentBasket-frameworks.sh\"\n";
			showEnvVarsInLog = 0;
		};
		D4622649986245C17198C584 /* [CP] Check Pods Manifest.lock */ = {
			isa = PBXShellScriptBuildPhase;
			buildActionMask = 2147483647;
			files = (
			);
			inputFileListPaths = (
			);
			inputPaths = (
				"${PODS_PODFILE_DIR_PATH}/Podfile.lock",
				"${PODS_ROOT}/Manifest.lock",
			);
			name = "[CP] Check Pods Manifest.lock";
			outputFileListPaths = (
			);
			outputPaths = (
				"$(DERIVED_FILE_DIR)/Pods-IntelligentBasket-checkManifestLockResult.txt",
			);
			runOnlyForDeploymentPostprocessing = 0;
			shellPath = /bin/sh;
			shellScript = "diff \"${PODS_PODFILE_DIR_PATH}/Podfile.lock\" \"${PODS_ROOT}/Manifest.lock\" > /dev/null\nif [ $? != 0 ] ; then\n    # print error to STDERR\n    echo \"error: The sandbox is not in sync with the Podfile.lock. Run 'pod install' or update your CocoaPods installation.\" >&2\n    exit 1\nfi\n# This output is used by Xcode 'outputs' to avoid re-running this script phase.\necho \"SUCCESS\" > \"${SCRIPT_OUTPUT_FILE_0}\"\n";
			showEnvVarsInLog = 0;
		};
/* End PBXShellScriptBuildPhase section */

/* Begin PBXSourcesBuildPhase section */
		F366EB662306A1D300495496 /* Sources */ = {
			isa = PBXSourcesBuildPhase;
			buildActionMask = 2147483647;
			files = (
				F3294DC423166BC90080110D /* FtpTools.swift in Sources */,
				F32556EF23120E1A00644704 /* PLPlayerViewController.swift in Sources */,
				F32556E72311158900644704 /* ProjectViewModel.swift in Sources */,
				F366EBAD2307E2D300495496 /* CheckBox.swift in Sources */,
				F366EB8F2306A2C900495496 /* DictConvertToModel.swift in Sources */,
				F32557662312797700644704 /* SideMenuViewController.swift in Sources */,
				F3965EE5230CDA3F00E8E5B8 /* HttpTools.swift in Sources */,
				F3965E77230AA45D00E8E5B8 /* AlertBox.swift in Sources */,
				F366EB9F2306A69900495496 /* ColorConstant.swift in Sources */,
				F3965F16230E5AB200E8E5B8 /* RoleBaseViewController.swift in Sources */,
				F366EB912306A2C900495496 /* UIColor-Extension.swift in Sources */,
				F3965F22230E918F00E8E5B8 /* BasketDetailViewController.swift in Sources */,
				F3965E6B2308E0AF00E8E5B8 /* BaseViewController.swift in Sources */,
				F3965E73230A40E600E8E5B8 /* RegexPatten.swift in Sources */,
				F366EB972306A2C900495496 /* CommonConstant.swift in Sources */,
				F366EB952306A2C900495496 /* NsDate-Extension.swift in Sources */,
				F3965F13230E33A500E8E5B8 /* AreaAdminTabBarController.swift in Sources */,
				F3965ED9230CD95400E8E5B8 /* MessageViewController.swift in Sources */,
				F366EB932306A2C900495496 /* UIBarButtonItem-Extension.swift in Sources */,
				F366EB6E2306A1D300495496 /* AppDelegate.swift in Sources */,
				F366EBA42306ABA600495496 /* PrimaryNavigationController.swift in Sources */,
				F31F8F07234CAD6E00772F58 /* UserDetailModel.swift in Sources */,
				F3965F1F230E7B0B00E8E5B8 /* BasketCollectionCell.swift in Sources */,
				F3965F51230FCE1400E8E5B8 /* UsingBasketModel.swift in Sources */,
				F3965EE2230CD9FB00E8E5B8 /* UserInfoModel.swift in Sources */,
				F3965F1C230E6F1B00E8E5B8 /* UsingViewController.swift in Sources */,
				F3294DCA231770720080110D /* LocalFileTools.swift in Sources */,
				F32556E9231122AE00644704 /* ProjectModel.swift in Sources */,
				F366EB922306A2C900495496 /* UIView-Extension.swift in Sources */,
				F3965E6D2308E60E00E8E5B8 /* RegisterBaseViewController.swift in Sources */,
				F3965F55230FE4F300E8E5B8 /* UserDefaultStorage.swift in Sources */,
				F3965F53230FCF4100E8E5B8 /* UsingBasketViewModel.swift in Sources */,
				F3F96894231CEA6B0024B42A /* ProjectDetailViewController.swift in Sources */,
				F3294DC6231674FE0080110D /* BasketDetailViewModel.swift in Sources */,
				F3965E75230A843C00E8E5B8 /* URLConstant.swift in Sources */,
				F32AF9AC23150BFE00947D90 /* PhotoViewCell.swift in Sources */,
				F3965EDB230CD95400E8E5B8 /* ProjectViewController.swift in Sources */,
				F31F8F09234CAE1A00772F58 /* UserDetailViewModel.swift in Sources */,
				F3965EDF230CD95400E8E5B8 /* ProfileViewController.swift in Sources */,
				F3965F4C230F866400E8E5B8 /* RefreshBaseViewController.swift in Sources */,
				F3965F28230E981000E8E5B8 /* CircleButton.swift in Sources */,
				F366EB962306A2C900495496 /* PhoneField.swift in Sources */,
				F366EBAF2308198400495496 /* RegisterViewController.swift in Sources */,
				F366EBB12308200100495496 /* RegisterWorkerViewController.swift in Sources */,
				F366EB942306A2C900495496 /* String-Extension.swift in Sources */,
				F32AF9A72315097500947D90 /* PhotoBrowserViewController.swift in Sources */,
				F366EBA62306B12700495496 /* CommonViewFactory.swift in Sources */,
				F366EB9D2306A32B00495496 /* LoginViewController.swift in Sources */,
				F3965E6F2308ECEE00E8E5B8 /* TextFieldWithIcon.swift in Sources */,
				F3965F18230E600F00E8E5B8 /* InstallAndCheckViewController.swift in Sources */,
				F3965E71230A3D6C00E8E5B8 /* RegularMatchingTool.swift in Sources */,
			);
			runOnlyForDeploymentPostprocessing = 0;
		};
/* End PBXSourcesBuildPhase section */

/* Begin PBXVariantGroup section */
		F366EB762306A1D400495496 /* LaunchScreen.storyboard */ = {
			isa = PBXVariantGroup;
			children = (
				F366EB772306A1D400495496 /* Base */,
			);
			name = LaunchScreen.storyboard;
			sourceTree = "<group>";
		};
/* End PBXVariantGroup section */

/* Begin XCBuildConfiguration section */
		F366EB7A2306A1D400495496 /* Debug */ = {
			isa = XCBuildConfiguration;
			buildSettings = {
				ALWAYS_SEARCH_USER_PATHS = NO;
				CLANG_ANALYZER_NONNULL = YES;
				CLANG_ANALYZER_NUMBER_OBJECT_CONVERSION = YES_AGGRESSIVE;
				CLANG_CXX_LANGUAGE_STANDARD = "gnu++14";
				CLANG_CXX_LIBRARY = "libc++";
				CLANG_ENABLE_MODULES = YES;
				CLANG_ENABLE_OBJC_ARC = YES;
				CLANG_ENABLE_OBJC_WEAK = YES;
				CLANG_WARN_BLOCK_CAPTURE_AUTORELEASING = YES;
				CLANG_WARN_BOOL_CONVERSION = YES;
				CLANG_WARN_COMMA = YES;
				CLANG_WARN_CONSTANT_CONVERSION = YES;
				CLANG_WARN_DEPRECATED_OBJC_IMPLEMENTATIONS = YES;
				CLANG_WARN_DIRECT_OBJC_ISA_USAGE = YES_ERROR;
				CLANG_WARN_DOCUMENTATION_COMMENTS = YES;
				CLANG_WARN_EMPTY_BODY = YES;
				CLANG_WARN_ENUM_CONVERSION = YES;
				CLANG_WARN_INFINITE_RECURSION = YES;
				CLANG_WARN_INT_CONVERSION = YES;
				CLANG_WARN_NON_LITERAL_NULL_CONVERSION = YES;
				CLANG_WARN_OBJC_IMPLICIT_RETAIN_SELF = YES;
				CLANG_WARN_OBJC_LITERAL_CONVERSION = YES;
				CLANG_WARN_OBJC_ROOT_CLASS = YES_ERROR;
				CLANG_WARN_RANGE_LOOP_ANALYSIS = YES;
				CLANG_WARN_STRICT_PROTOTYPES = YES;
				CLANG_WARN_SUSPICIOUS_MOVE = YES;
				CLANG_WARN_UNGUARDED_AVAILABILITY = YES_AGGRESSIVE;
				CLANG_WARN_UNREACHABLE_CODE = YES;
				CLANG_WARN__DUPLICATE_METHOD_MATCH = YES;
				CODE_SIGN_IDENTITY = "iPhone Developer";
				COPY_PHASE_STRIP = NO;
				DEBUG_INFORMATION_FORMAT = dwarf;
				ENABLE_STRICT_OBJC_MSGSEND = YES;
				ENABLE_TESTABILITY = YES;
				GCC_C_LANGUAGE_STANDARD = gnu11;
				GCC_DYNAMIC_NO_PIC = NO;
				GCC_NO_COMMON_BLOCKS = YES;
				GCC_OPTIMIZATION_LEVEL = 0;
				GCC_PREPROCESSOR_DEFINITIONS = (
					"DEBUG=1",
					"$(inherited)",
				);
				GCC_WARN_64_TO_32_BIT_CONVERSION = YES;
				GCC_WARN_ABOUT_RETURN_TYPE = YES_ERROR;
				GCC_WARN_UNDECLARED_SELECTOR = YES;
				GCC_WARN_UNINITIALIZED_AUTOS = YES_AGGRESSIVE;
				GCC_WARN_UNUSED_FUNCTION = YES;
				GCC_WARN_UNUSED_VARIABLE = YES;
				IPHONEOS_DEPLOYMENT_TARGET = 12.4;
				MTL_ENABLE_DEBUG_INFO = INCLUDE_SOURCE;
				MTL_FAST_MATH = YES;
				ONLY_ACTIVE_ARCH = YES;
				SDKROOT = iphoneos;
				SWIFT_ACTIVE_COMPILATION_CONDITIONS = DEBUG;
				SWIFT_OPTIMIZATION_LEVEL = "-Onone";
			};
			name = Debug;
		};
		F366EB7B2306A1D400495496 /* Release */ = {
			isa = XCBuildConfiguration;
			buildSettings = {
				ALWAYS_SEARCH_USER_PATHS = NO;
				CLANG_ANALYZER_NONNULL = YES;
				CLANG_ANALYZER_NUMBER_OBJECT_CONVERSION = YES_AGGRESSIVE;
				CLANG_CXX_LANGUAGE_STANDARD = "gnu++14";
				CLANG_CXX_LIBRARY = "libc++";
				CLANG_ENABLE_MODULES = YES;
				CLANG_ENABLE_OBJC_ARC = YES;
				CLANG_ENABLE_OBJC_WEAK = YES;
				CLANG_WARN_BLOCK_CAPTURE_AUTORELEASING = YES;
				CLANG_WARN_BOOL_CONVERSION = YES;
				CLANG_WARN_COMMA = YES;
				CLANG_WARN_CONSTANT_CONVERSION = YES;
				CLANG_WARN_DEPRECATED_OBJC_IMPLEMENTATIONS = YES;
				CLANG_WARN_DIRECT_OBJC_ISA_USAGE = YES_ERROR;
				CLANG_WARN_DOCUMENTATION_COMMENTS = YES;
				CLANG_WARN_EMPTY_BODY = YES;
				CLANG_WARN_ENUM_CONVERSION = YES;
				CLANG_WARN_INFINITE_RECURSION = YES;
				CLANG_WARN_INT_CONVERSION = YES;
				CLANG_WARN_NON_LITERAL_NULL_CONVERSION = YES;
				CLANG_WARN_OBJC_IMPLICIT_RETAIN_SELF = YES;
				CLANG_WARN_OBJC_LITERAL_CONVERSION = YES;
				CLANG_WARN_OBJC_ROOT_CLASS = YES_ERROR;
				CLANG_WARN_RANGE_LOOP_ANALYSIS = YES;
				CLANG_WARN_STRICT_PROTOTYPES = YES;
				CLANG_WARN_SUSPICIOUS_MOVE = YES;
				CLANG_WARN_UNGUARDED_AVAILABILITY = YES_AGGRESSIVE;
				CLANG_WARN_UNREACHABLE_CODE = YES;
				CLANG_WARN__DUPLICATE_METHOD_MATCH = YES;
				CODE_SIGN_IDENTITY = "iPhone Developer";
				COPY_PHASE_STRIP = NO;
				DEBUG_INFORMATION_FORMAT = "dwarf-with-dsym";
				ENABLE_NS_ASSERTIONS = NO;
				ENABLE_STRICT_OBJC_MSGSEND = YES;
				GCC_C_LANGUAGE_STANDARD = gnu11;
				GCC_NO_COMMON_BLOCKS = YES;
				GCC_WARN_64_TO_32_BIT_CONVERSION = YES;
				GCC_WARN_ABOUT_RETURN_TYPE = YES_ERROR;
				GCC_WARN_UNDECLARED_SELECTOR = YES;
				GCC_WARN_UNINITIALIZED_AUTOS = YES_AGGRESSIVE;
				GCC_WARN_UNUSED_FUNCTION = YES;
				GCC_WARN_UNUSED_VARIABLE = YES;
				IPHONEOS_DEPLOYMENT_TARGET = 12.4;
				MTL_ENABLE_DEBUG_INFO = NO;
				MTL_FAST_MATH = YES;
				SDKROOT = iphoneos;
				SWIFT_COMPILATION_MODE = wholemodule;
				SWIFT_OPTIMIZATION_LEVEL = "-O";
				VALIDATE_PRODUCT = YES;
			};
			name = Release;
		};
		F366EB7D2306A1D400495496 /* Debug */ = {
			isa = XCBuildConfiguration;
			baseConfigurationReference = 0537C97EE51168F5517C367D /* Pods-IntelligentBasket.debug.xcconfig */;
			buildSettings = {
				ASSETCATALOG_COMPILER_APPICON_NAME = AppIcon;
				CODE_SIGN_STYLE = Automatic;
				INFOPLIST_FILE = IntelligentBasket/Info.plist;
				IPHONEOS_DEPLOYMENT_TARGET = 11.0;
				LD_RUNPATH_SEARCH_PATHS = (
					"$(inherited)",
					"@executable_path/Frameworks",
				);
				PRODUCT_BUNDLE_IDENTIFIER = zhineng.com.IntelligentBasket;
				PRODUCT_NAME = "$(TARGET_NAME)";
				SWIFT_VERSION = 5.0;
				TARGETED_DEVICE_FAMILY = 1;
			};
			name = Debug;
		};
		F366EB7E2306A1D400495496 /* Release */ = {
			isa = XCBuildConfiguration;
			baseConfigurationReference = BC77E324A3520134392C809B /* Pods-IntelligentBasket.release.xcconfig */;
			buildSettings = {
				ASSETCATALOG_COMPILER_APPICON_NAME = AppIcon;
				CODE_SIGN_STYLE = Automatic;
				INFOPLIST_FILE = IntelligentBasket/Info.plist;
				IPHONEOS_DEPLOYMENT_TARGET = 11.0;
				LD_RUNPATH_SEARCH_PATHS = (
					"$(inherited)",
					"@executable_path/Frameworks",
				);
				PRODUCT_BUNDLE_IDENTIFIER = zhineng.com.IntelligentBasket;
				PRODUCT_NAME = "$(TARGET_NAME)";
				SWIFT_VERSION = 5.0;
				TARGETED_DEVICE_FAMILY = 1;
			};
			name = Release;
		};
/* End XCBuildConfiguration section */

/* Begin XCConfigurationList section */
		F366EB652306A1D300495496 /* Build configuration list for PBXProject "IntelligentBasket" */ = {
			isa = XCConfigurationList;
			buildConfigurations = (
				F366EB7A2306A1D400495496 /* Debug */,
				F366EB7B2306A1D400495496 /* Release */,
			);
			defaultConfigurationIsVisible = 0;
			defaultConfigurationName = Release;
		};
		F366EB7C2306A1D400495496 /* Build configuration list for PBXNativeTarget "IntelligentBasket" */ = {
			isa = XCConfigurationList;
			buildConfigurations = (
				F366EB7D2306A1D400495496 /* Debug */,
				F366EB7E2306A1D400495496 /* Release */,
			);
			defaultConfigurationIsVisible = 0;
			defaultConfigurationName = Release;
		};
/* End XCConfigurationList section */
	};
	rootObject = F366EB622306A1D300495496 /* Project object */;
}
